
Microsoft Visual Studio Solution File, Format Version 12.00
# Visual Studio 14
VisualStudioVersion = 14.0.24720.0
MinimumVisualStudioVersion = 10.0.40219.1
Project("{FAE04EC0-301F-11D3-BF4B-00C04F79EFBC}") = "Geometry", "Geometry\Geometry.csproj", "{7F545202-52B3-425F-83CA-5FCDA1A7EB75}"
EndProject
Project("{FAE04EC0-301F-11D3-BF4B-00C04F79EFBC}") = "Students", "Students\Students.csproj", "{5B3F3901-43E7-4092-AD97-7E7F23775F98}"
EndProject
Project("{FAE04EC0-301F-11D3-BF4B-00C04F79EFBC}") = "Numbers", "Numbers\Numbers.csproj", "{9F929A9B-EFFB-457A-B5E5-D34D50ED8322}"
EndProject
Global
	GlobalSection(SolutionConfigurationPlatforms) = preSolution
		Debug|Any CPU = Debug|Any CPU
		Release|Any CPU = Release|Any CPU
	EndGlobalSection
	GlobalSection(ProjectConfigurationPlatforms) = postSolution
		{7F545202-52B3-425F-83CA-5FCDA1A7EB75}.Debug|Any CPU.ActiveCfg = Debug|Any CPU
		{7F545202-52B3-425F-83CA-5FCDA1A7EB75}.Debug|Any CPU.Build.0 = Debug|Any CPU
		{7F545202-52B3-425F-83CA-5FCDA1A7EB75}.Release|Any CPU.ActiveCfg = Release|Any CPU
		{7F545202-52B3-425F-83CA-5FCDA1A7EB75}.Release|Any CPU.Build.0 = Release|Any CPU
		{5B3F3901-43E7-4092-AD97-7E7F23775F98}.Debug|Any CPU.ActiveCfg = Debug|Any CPU
		{5B3F3901-43E7-4092-AD97-7E7F23775F98}.Debug|Any CPU.Build.0 = Debug|Any CPU
		{5B3F3901-43E7-4092-AD97-7E7F23775F98}.Release|Any CPU.ActiveCfg = Release|Any CPU
		{5B3F3901-43E7-4092-AD97-7E7F23775F98}.Release|Any CPU.Build.0 = Release|Any CPU
		{9F929A9B-EFFB-457A-B5E5-D34D50ED8322}.Debug|Any CPU.ActiveCfg = Debug|Any CPU
		{9F929A9B-EFFB-457A-B5E5-D34D50ED8322}.Debug|Any CPU.Build.0 = Debug|Any CPU
		{9F929A9B-EFFB-457A-B5E5-D34D50ED8322}.Release|Any CPU.ActiveCfg = Release|Any CPU
		{9F929A9B-EFFB-457A-B5E5-D34D50ED8322}.Release|Any CPU.Build.0 = Release|Any CPU
	EndGlobalSection
	GlobalSection(SolutionProperties) = preSolution
		HideSolutionNode = FALSE
	EndGlobalSection
EndGlobal
