
Microsoft Visual Studio Solution File, Format Version 12.00
# Visual Studio 14
VisualStudioVersion = 14.0.24720.0
MinimumVisualStudioVersion = 10.0.40219.1
Project("{FAE04EC0-301F-11D3-BF4B-00C04F79EFBC}") = "02. PerformanceOfOperations", "02. PerformanceOfOperations\02. PerformanceOfOperations.csproj", "{12ED4A87-6F69-4630-9D33-9F338C335608}"
EndProject
Project("{FAE04EC0-301F-11D3-BF4B-00C04F79EFBC}") = "02B. PerformanceOfOperations", "02B. PerformanceOfOperations\02B. PerformanceOfOperations.csproj", "{687BB37D-9205-4C06-84D8-A78945BA9587}"
EndProject
Global
	GlobalSection(SolutionConfigurationPlatforms) = preSolution
		Debug|Any CPU = Debug|Any CPU
		Release|Any CPU = Release|Any CPU
	EndGlobalSection
	GlobalSection(ProjectConfigurationPlatforms) = postSolution
		{12ED4A87-6F69-4630-9D33-9F338C335608}.Debug|Any CPU.ActiveCfg = Debug|Any CPU
		{12ED4A87-6F69-4630-9D33-9F338C335608}.Debug|Any CPU.Build.0 = Debug|Any CPU
		{12ED4A87-6F69-4630-9D33-9F338C335608}.Release|Any CPU.ActiveCfg = Release|Any CPU
		{12ED4A87-6F69-4630-9D33-9F338C335608}.Release|Any CPU.Build.0 = Release|Any CPU
		{687BB37D-9205-4C06-84D8-A78945BA9587}.Debug|Any CPU.ActiveCfg = Debug|Any CPU
		{687BB37D-9205-4C06-84D8-A78945BA9587}.Debug|Any CPU.Build.0 = Debug|Any CPU
		{687BB37D-9205-4C06-84D8-A78945BA9587}.Release|Any CPU.ActiveCfg = Release|Any CPU
		{687BB37D-9205-4C06-84D8-A78945BA9587}.Release|Any CPU.Build.0 = Release|Any CPU
	EndGlobalSection
	GlobalSection(SolutionProperties) = preSolution
		HideSolutionNode = FALSE
	EndGlobalSection
EndGlobal
